lockfileVersion: '9.0'

settings:
  autoInstallPeers: true
  excludeLinksFromLockfile: false

importers:

  .:
    devDependencies:
      '@faker-js/faker':
        specifier: ^10.1.0
        version: 10.1.0
      '@playwright/test':
        specifier: ^1.57.0
        version: 1.57.0
      '@types/node':
        specifier: ^24.10.4
        version: 24.10.4
      allure-js-commons:
        specifier: ^3.4.3
        version: 3.4.3(allure-playwright@3.4.3(@playwright/test@1.57.0))
      allure-playwright:
        specifier: ^3.4.3
        version: 3.4.3(@playwright/test@1.57.0)

packages:

  '@faker-js/faker@10.1.0':
    resolution: {integrity: sha512-C3mrr3b5dRVlKPJdfrAXS8+dq+rq8Qm5SNRazca0JKgw1HQERFmrVb0towvMmw5uu8hHKNiQasMaR/tydf3Zsg==}
    engines: {node: ^20.19.0 || ^22.13.0 || ^23.5.0 || >=24.0.0, npm: '>=10'}

  '@playwright/test@1.57.0':
    resolution: {integrity: sha512-6TyEnHgd6SArQO8UO2OMTxshln3QMWBtPGrOCgs3wVEmQmwyuNtB10IZMfmYDE0riwNR1cu4q+pPcxMVtaG3TA==}
    engines: {node: '>=18'}
    hasBin: true

  '@types/node@24.10.4':
    resolution: {integrity: sha512-vnDVpYPMzs4wunl27jHrfmwojOGKya0xyM3sH+UE5iv5uPS6vX7UIoh6m+vQc5LGBq52HBKPIn/zcSZVzeDEZg==}

  allure-js-commons@3.4.3:
    resolution: {integrity: sha512-2n2uUFVmI7OaKXfkUPq2AcD1ksPR/WXZ9IhmQlMylb8bNpPChn1QPA/W97+RDYawFgvfhnadzIrH9ZWTWKjiNg==}
    peerDependencies:
      allure-playwright: 3.4.3
    peerDependenciesMeta:
      allure-playwright:
        optional: true

  allure-playwright@3.4.3:
    resolution: {integrity: sha512-yrRwxloT5eSDXm6PDo1UCWpdPF7WRifhXwdBsZX1r8eXpQLhwHOZSzAvXP3Q3LcLdQpgn0cUjDIteBvuY2+75Q==}
    peerDependencies:
      '@playwright/test': '>=1.53.0'

  charenc@0.0.2:
    resolution: {integrity: sha512-yrLQ/yVUFXkzg7EDQsPieE/53+0RlaWTs+wBrvW36cyilJ2SaDWfl4Yj7MtLTXleV9uEKefbAGUPv2/iWSooRA==}

  crypt@0.0.2:
    resolution: {integrity: sha512-mCxBlsHFYh9C+HVpiEacem8FEBnMXgU9gy4zmNC+SXAZNB/1idgp/aulFJ4FgCi7GPEVbfyng092GqL2k2rmow==}

  fsevents@2.3.2:
    resolution: {integrity: sha512-xiqMQR4xAeHTuB9uWm+fFRcIOgKBMiOBP+eXiyT7jsgVCq1bkVygt00oASowB7EdtpOHaaPgKt812P9ab+DDKA==}
    engines: {node: ^8.16.0 || ^10.6.0 || >=11.0.0}
    os: [darwin]

  is-buffer@1.1.6:
    resolution: {integrity: sha512-NcdALwpXkTm5Zvvbk7owOUSvVvBKDgKP5/ewfXEznmQFfs4ZRmanOeKBTjRVjka3QFoN6XJ+9F3USqfHqTaU5w==}

  md5@2.3.0:
    resolution: {integrity: sha512-T1GITYmFaKuO91vxyoQMFETst+O71VUPEU3ze5GNzDm0OWdP8v1ziTaAEPUr/3kLsY3Sftgz242A1SetQiDL7g==}

  playwright-core@1.57.0:
    resolution: {integrity: sha512-agTcKlMw/mjBWOnD6kFZttAAGHgi/Nw0CZ2o6JqWSbMlI219lAFLZZCyqByTsvVAJq5XA5H8cA6PrvBRpBWEuQ==}
    engines: {node: '>=18'}
    hasBin: true

  playwright@1.57.0:
    resolution: {integrity: sha512-ilYQj1s8sr2ppEJ2YVadYBN0Mb3mdo9J0wQ+UuDhzYqURwSoW4n1Xs5vs7ORwgDGmyEh33tRMeS8KhdkMoLXQw==}
    engines: {node: '>=18'}
    hasBin: true

  undici-types@7.16.0:
    resolution: {integrity: sha512-Zz+aZWSj8LE6zoxD+xrjh4VfkIG8Ya6LvYkZqtUQGJPZjYl53ypCaUwWqo7eI0x66KBGeRo+mlBEkMSeSZ38Nw==}

snapshots:

  '@faker-js/faker@10.1.0': {}

  '@playwright/test@1.57.0':
    dependencies:
      playwright: 1.57.0

  '@types/node@24.10.4':
    dependencies:
      undici-types: 7.16.0

  allure-js-commons@3.4.3(allure-playwright@3.4.3(@playwright/test@1.57.0)):
    dependencies:
      md5: 2.3.0
    optionalDependencies:
      allure-playwright: 3.4.3(@playwright/test@1.57.0)

  allure-playwright@3.4.3(@playwright/test@1.57.0):
    dependencies:
      '@playwright/test': 1.57.0
      allure-js-commons: 3.4.3(allure-playwright@3.4.3(@playwright/test@1.57.0))

  charenc@0.0.2: {}

  crypt@0.0.2: {}

  fsevents@2.3.2:
    optional: true

  is-buffer@1.1.6: {}

  md5@2.3.0:
    dependencies:
      charenc: 0.0.2
      crypt: 0.0.2
      is-buffer: 1.1.6

  playwright-core@1.57.0: {}

  playwright@1.57.0:
    dependencies:
      playwright-core: 1.57.0
    optionalDependencies:
      fsevents: 2.3.2

  undici-types@7.16.0: {}
